
Microsoft Visual Studio Solution File, Format Version 11.00
# Visual Studio 2010
Project("{8BC9CEB8-8B4A-11D0-8D11-00A0C91BC942}") = "MIDI", "MIDI.vcxproj", "{D027B843-A94C-EF6D-228F-CF8CC42E697C}"
EndProject
Project("{8BC9CEB8-8B4A-11D0-8D11-00A0C91BC942}") = "base_vc10", "..\..\VstSDK\base\win\base_vc10.vcxproj", "{5755CC40-C699-491B-BD7C-5D841C26C28D}"
EndProject
Project("{8BC9CEB8-8B4A-11D0-8D11-00A0C91BC942}") = "mgSynth", "mgSynth.vcxproj", "{A328C0E7-BE67-4372-9949-1D0229D0179D}"
	ProjectSection(ProjectDependencies) = postProject
		{5755CC40-C699-491B-BD7C-5D841C26C28D} = {5755CC40-C699-491B-BD7C-5D841C26C28D}
	EndProjectSection
EndProject
Global
	GlobalSection(SolutionConfigurationPlatforms) = preSolution
		Debug|Win32 = Debug|Win32
		Debug|x64 = Debug|x64
		Release|Win32 = Release|Win32
		Release|x64 = Release|x64
	EndGlobalSection
	GlobalSection(ProjectConfigurationPlatforms) = postSolution
		{D027B843-A94C-EF6D-228F-CF8CC42E697C}.Debug|Win32.ActiveCfg = Debug|Win32
		{D027B843-A94C-EF6D-228F-CF8CC42E697C}.Debug|Win32.Build.0 = Debug|Win32
		{D027B843-A94C-EF6D-228F-CF8CC42E697C}.Debug|x64.ActiveCfg = Debug|x64
		{D027B843-A94C-EF6D-228F-CF8CC42E697C}.Debug|x64.Build.0 = Debug|x64
		{D027B843-A94C-EF6D-228F-CF8CC42E697C}.Release|Win32.ActiveCfg = Release|Win32
		{D027B843-A94C-EF6D-228F-CF8CC42E697C}.Release|Win32.Build.0 = Release|Win32
		{D027B843-A94C-EF6D-228F-CF8CC42E697C}.Release|x64.ActiveCfg = Release|x64
		{D027B843-A94C-EF6D-228F-CF8CC42E697C}.Release|x64.Build.0 = Release|x64
		{5755CC40-C699-491B-BD7C-5D841C26C28D}.Debug|Win32.ActiveCfg = Debug|Win32
		{5755CC40-C699-491B-BD7C-5D841C26C28D}.Debug|Win32.Build.0 = Debug|Win32
		{5755CC40-C699-491B-BD7C-5D841C26C28D}.Debug|x64.ActiveCfg = Debug|x64
		{5755CC40-C699-491B-BD7C-5D841C26C28D}.Debug|x64.Build.0 = Debug|x64
		{5755CC40-C699-491B-BD7C-5D841C26C28D}.Release|Win32.ActiveCfg = Release|Win32
		{5755CC40-C699-491B-BD7C-5D841C26C28D}.Release|Win32.Build.0 = Release|Win32
		{5755CC40-C699-491B-BD7C-5D841C26C28D}.Release|x64.ActiveCfg = Release|x64
		{5755CC40-C699-491B-BD7C-5D841C26C28D}.Release|x64.Build.0 = Release|x64
		{A328C0E7-BE67-4372-9949-1D0229D0179D}.Debug|Win32.ActiveCfg = Debug|Win32
		{A328C0E7-BE67-4372-9949-1D0229D0179D}.Debug|Win32.Build.0 = Debug|Win32
		{A328C0E7-BE67-4372-9949-1D0229D0179D}.Debug|x64.ActiveCfg = Debug|x64
		{A328C0E7-BE67-4372-9949-1D0229D0179D}.Debug|x64.Build.0 = Debug|x64
		{A328C0E7-BE67-4372-9949-1D0229D0179D}.Release|Win32.ActiveCfg = Release|Win32
		{A328C0E7-BE67-4372-9949-1D0229D0179D}.Release|Win32.Build.0 = Release|Win32
		{A328C0E7-BE67-4372-9949-1D0229D0179D}.Release|x64.ActiveCfg = Release|x64
		{A328C0E7-BE67-4372-9949-1D0229D0179D}.Release|x64.Build.0 = Release|x64
	EndGlobalSection
	GlobalSection(SolutionProperties) = preSolution
		HideSolutionNode = FALSE
	EndGlobalSection
EndGlobal
